
Microsoft Visual Studio Solution File, Format Version 12.00
# Visual Studio Version 17
VisualStudioVersion = 17.4.33110.190
MinimumVisualStudioVersion = 10.0.40219.1
Project("{FAE04EC0-301F-11D3-BF4B-00C04F79EFBC}") = "TheMovies", "TheMovies\TheMovies.csproj", "{B7EAB3C5-7020-4164-87B3-E6F6B303B934}"
EndProject
Global
	GlobalSection(SolutionConfigurationPlatforms) = preSolution
		Debug|Any CPU = Debug|Any CPU
		Release|Any CPU = Release|Any CPU
	EndGlobalSection
	GlobalSection(ProjectConfigurationPlatforms) = postSolution
		{B7EAB3C5-7020-4164-87B3-E6F6B303B934}.Debug|Any CPU.ActiveCfg = Debug|Any CPU
		{B7EAB3C5-7020-4164-87B3-E6F6B303B934}.Debug|Any CPU.Build.0 = Debug|Any CPU
		{B7EAB3C5-7020-4164-87B3-E6F6B303B934}.Release|Any CPU.ActiveCfg = Release|Any CPU
		{B7EAB3C5-7020-4164-87B3-E6F6B303B934}.Release|Any CPU.Build.0 = Release|Any CPU
	EndGlobalSection
	GlobalSection(SolutionProperties) = preSolution
		HideSolutionNode = FALSE
	EndGlobalSection
	GlobalSection(ExtensibilityGlobals) = postSolution
		SolutionGuid = {F9E6F46C-FF45-4E4A-B48F-3B798D9995F3}
	EndGlobalSection
EndGlobal
